
Microsoft Visual Studio Solution File, Format Version 12.00
# Visual Studio 15
VisualStudioVersion = 15.0.28307.1927
MinimumVisualStudioVersion = 10.0.40219.1
Project("{FAE04EC0-301F-11D3-BF4B-00C04F79EFBC}") = "harmon_ashley_assignment14", "harmon_ashley_assignment14\harmon_ashley_assignment14.csproj", "{955E3D7A-60C1-4E57-A24B-94A6EFDE012F}"
EndProject
Global
	GlobalSection(SolutionConfigurationPlatforms) = preSolution
		Debug|Any CPU = Debug|Any CPU
		Release|Any CPU = Release|Any CPU
	EndGlobalSection
	GlobalSection(ProjectConfigurationPlatforms) = postSolution
		{955E3D7A-60C1-4E57-A24B-94A6EFDE012F}.Debug|Any CPU.ActiveCfg = Debug|Any CPU
		{955E3D7A-60C1-4E57-A24B-94A6EFDE012F}.Debug|Any CPU.Build.0 = Debug|Any CPU
		{955E3D7A-60C1-4E57-A24B-94A6EFDE012F}.Release|Any CPU.ActiveCfg = Release|Any CPU
		{955E3D7A-60C1-4E57-A24B-94A6EFDE012F}.Release|Any CPU.Build.0 = Release|Any CPU
	EndGlobalSection
	GlobalSection(SolutionProperties) = preSolution
		HideSolutionNode = FALSE
	EndGlobalSection
	GlobalSection(ExtensibilityGlobals) = postSolution
		SolutionGuid = {EBD374A2-B591-4C67-B0AE-B2205F792B36}
	EndGlobalSection
EndGlobal
